
Microsoft Visual Studio Solution File, Format Version 12.00
# Visual Studio Version 17
VisualStudioVersion = 17.1.32328.378
MinimumVisualStudioVersion = 10.0.40219.1
Project("{8BC9CEB8-8B4A-11D0-8D11-00A0C91BC942}") = "Cpp Examples", "Cpp Examples\Cpp Examples.vcxproj", "{827CD4F6-DFCD-4F49-9E84-9B4801F116B9}"
EndProject
Global
	GlobalSection(SolutionConfigurationPlatforms) = preSolution
		Debug|Win32 = Debug|Win32
		Debug|x64 = Debug|x64
		Debug|x86 = Debug|x86
		Release|Win32 = Release|Win32
		Release|x64 = Release|x64
		Release|x86 = Release|x86
	EndGlobalSection
	GlobalSection(ProjectConfigurationPlatforms) = postSolution
		{827CD4F6-DFCD-4F49-9E84-9B4801F116B9}.Debug|Win32.ActiveCfg = Debug|Win32
		{827CD4F6-DFCD-4F49-9E84-9B4801F116B9}.Debug|Win32.Build.0 = Debug|Win32
		{827CD4F6-DFCD-4F49-9E84-9B4801F116B9}.Debug|x64.ActiveCfg = Debug|x64
		{827CD4F6-DFCD-4F49-9E84-9B4801F116B9}.Debug|x64.Build.0 = Debug|x64
		{827CD4F6-DFCD-4F49-9E84-9B4801F116B9}.Debug|x86.ActiveCfg = Debug|Win32
		{827CD4F6-DFCD-4F49-9E84-9B4801F116B9}.Debug|x86.Build.0 = Debug|Win32
		{827CD4F6-DFCD-4F49-9E84-9B4801F116B9}.Release|Win32.ActiveCfg = Release|Win32
		{827CD4F6-DFCD-4F49-9E84-9B4801F116B9}.Release|Win32.Build.0 = Release|Win32
		{827CD4F6-DFCD-4F49-9E84-9B4801F116B9}.Release|x64.ActiveCfg = Release|x64
		{827CD4F6-DFCD-4F49-9E84-9B4801F116B9}.Release|x64.Build.0 = Release|x64
		{827CD4F6-DFCD-4F49-9E84-9B4801F116B9}.Release|x86.ActiveCfg = Release|Win32
		{827CD4F6-DFCD-4F49-9E84-9B4801F116B9}.Release|x86.Build.0 = Release|Win32
	EndGlobalSection
	GlobalSection(SolutionProperties) = preSolution
		HideSolutionNode = FALSE
	EndGlobalSection
	GlobalSection(ExtensibilityGlobals) = postSolution
		SolutionGuid = {DDD37CC7-5828-467A-B6D9-2084AA3D4CA3}
	EndGlobalSection
EndGlobal
