
Microsoft Visual Studio Solution File, Format Version 12.00
# Visual Studio Version 17
VisualStudioVersion = 17.1.32328.378
MinimumVisualStudioVersion = 10.0.40219.1
Project("{8BC9CEB8-8B4A-11D0-8D11-00A0C91BC942}") = "Cpp base", "Cpp base\Cpp base.vcxproj", "{9A6B4B41-6FEA-46C7-A3D2-E147D470C571}"
EndProject
Global
	GlobalSection(SolutionConfigurationPlatforms) = preSolution
		Debug|Win32 = Debug|Win32
		Debug|x64 = Debug|x64
		Debug|x86 = Debug|x86
		Release|Win32 = Release|Win32
		Release|x64 = Release|x64
		Release|x86 = Release|x86
	EndGlobalSection
	GlobalSection(ProjectConfigurationPlatforms) = postSolution
		{9A6B4B41-6FEA-46C7-A3D2-E147D470C571}.Debug|Win32.ActiveCfg = Debug|Win32
		{9A6B4B41-6FEA-46C7-A3D2-E147D470C571}.Debug|Win32.Build.0 = Debug|Win32
		{9A6B4B41-6FEA-46C7-A3D2-E147D470C571}.Debug|x64.ActiveCfg = Debug|Win32
		{9A6B4B41-6FEA-46C7-A3D2-E147D470C571}.Debug|x64.Build.0 = Debug|Win32
		{9A6B4B41-6FEA-46C7-A3D2-E147D470C571}.Debug|x86.ActiveCfg = Debug|Win32
		{9A6B4B41-6FEA-46C7-A3D2-E147D470C571}.Debug|x86.Build.0 = Debug|Win32
		{9A6B4B41-6FEA-46C7-A3D2-E147D470C571}.Release|Win32.ActiveCfg = Release|Win32
		{9A6B4B41-6FEA-46C7-A3D2-E147D470C571}.Release|Win32.Build.0 = Release|Win32
		{9A6B4B41-6FEA-46C7-A3D2-E147D470C571}.Release|x64.ActiveCfg = Release|x64
		{9A6B4B41-6FEA-46C7-A3D2-E147D470C571}.Release|x64.Build.0 = Release|x64
		{9A6B4B41-6FEA-46C7-A3D2-E147D470C571}.Release|x86.ActiveCfg = Release|Win32
		{9A6B4B41-6FEA-46C7-A3D2-E147D470C571}.Release|x86.Build.0 = Release|Win32
	EndGlobalSection
	GlobalSection(SolutionProperties) = preSolution
		HideSolutionNode = FALSE
	EndGlobalSection
	GlobalSection(ExtensibilityGlobals) = postSolution
		SolutionGuid = {ACA63A38-76B2-4597-835E-35465159D360}
	EndGlobalSection
EndGlobal
